// !$*UTF8*$!
{
	archiveVersion = 1;
	classes = {
	};
	objectVersion = 56;
	objects = {

/* Begin PBXBuildFile section */
		667512E02C523C1000EEA426 /* _4_CreateSearchBar_CustomBindingApp.swift in Sources */ = {isa = PBXBuildFile; fileRef = 667512DF2C523C1000EEA426 /* _4_CreateSearchBar_CustomBindingApp.swift */; };
		667512E22C523C1000EEA426 /* ContentView.swift in Sources */ = {isa = PBXBuildFile; fileRef = 667512E12C523C1000EEA426 /* ContentView.swift */; };
		667512E42C523C1100EEA426 /* Assets.xcassets in Resources */ = {isa = PBXBuildFile; fileRef = 667512E32C523C1100EEA426 /* Assets.xcassets */; };
		667512E72C523C1100EEA426 /* Preview Assets.xcassets in Resources */ = {isa = PBXBuildFile; fileRef = 667512E62C523C1100EEA426 /* Preview Assets.xcassets */; };
		667512F12C523E0C00EEA426 /* CheckBoxStyle.swift in Sources */ = {isa = PBXBuildFile; fileRef = 667512F02C523E0C00EEA426 /* CheckBoxStyle.swift */; };
		667512F32C523E3900EEA426 /* ToDoListRow.swift in Sources */ = {isa = PBXBuildFile; fileRef = 667512F22C523E3900EEA426 /* ToDoListRow.swift */; };
		667512F52C523E6E00EEA426 /* TodoItem_Model.swift in Sources */ = {isa = PBXBuildFile; fileRef = 667512F42C523E6E00EEA426 /* TodoItem_Model.swift */; };
		667512F72C523E9300EEA426 /* SearchBarBefore.swift in Sources */ = {isa = PBXBuildFile; fileRef = 667512F62C523E9300EEA426 /* SearchBarBefore.swift */; };
		667512F92C523F8900EEA426 /* BlankView.swift in Sources */ = {isa = PBXBuildFile; fileRef = 667512F82C523F8900EEA426 /* BlankView.swift */; };
		667512FB2C523FF700EEA426 /* NewToDoView.swift in Sources */ = {isa = PBXBuildFile; fileRef = 667512FA2C523FF700EEA426 /* NewToDoView.swift */; };
		667512FD2C52402600EEA426 /* NoDataView.swift in Sources */ = {isa = PBXBuildFile; fileRef = 667512FC2C52402600EEA426 /* NoDataView.swift */; };
		667512FF2C524B6900EEA426 /* SearchBar.swift in Sources */ = {isa = PBXBuildFile; fileRef = 667512FE2C524B6900EEA426 /* SearchBar.swift */; };
/* End PBXBuildFile section */

/* Begin PBXFileReference section */
		667512DC2C523C1000EEA426 /* 24_CreateSearchBar_CustomBinding.app */ = {isa = PBXFileReference; explicitFileType = wrapper.application; includeInIndex = 0; path = 24_CreateSearchBar_CustomBinding.app; sourceTree = BUILT_PRODUCTS_DIR; };
		667512DF2C523C1000EEA426 /* _4_CreateSearchBar_CustomBindingApp.swift */ = {isa = PBXFileReference; lastKnownFileType = sourcecode.swift; path = _4_CreateSearchBar_CustomBindingApp.swift; sourceTree = "<group>"; };
		667512E12C523C1000EEA426 /* ContentView.swift */ = {isa = PBXFileReference; lastKnownFileType = sourcecode.swift; path = ContentView.swift; sourceTree = "<group>"; };
		667512E32C523C1100EEA426 /* Assets.xcassets */ = {isa = PBXFileReference; lastKnownFileType = folder.assetcatalog; path = Assets.xcassets; sourceTree = "<group>"; };
		667512E62C523C1100EEA426 /* Preview Assets.xcassets */ = {isa = PBXFileReference; lastKnownFileType = folder.assetcatalog; path = "Preview Assets.xcassets"; sourceTree = "<group>"; };
		667512F02C523E0C00EEA426 /* CheckBoxStyle.swift */ = {isa = PBXFileReference; lastKnownFileType = sourcecode.swift; path = CheckBoxStyle.swift; sourceTree = "<group>"; };
		667512F22C523E3900EEA426 /* ToDoListRow.swift */ = {isa = PBXFileReference; lastKnownFileType = sourcecode.swift; path = ToDoListRow.swift; sourceTree = "<group>"; };
		667512F42C523E6E00EEA426 /* TodoItem_Model.swift */ = {isa = PBXFileReference; lastKnownFileType = sourcecode.swift; path = TodoItem_Model.swift; sourceTree = "<group>"; };
		667512F62C523E9300EEA426 /* SearchBarBefore.swift */ = {isa = PBXFileReference; lastKnownFileType = sourcecode.swift; path = SearchBarBefore.swift; sourceTree = "<group>"; };
		667512F82C523F8900EEA426 /* BlankView.swift */ = {isa = PBXFileReference; lastKnownFileType = sourcecode.swift; path = BlankView.swift; sourceTree = "<group>"; };
		667512FA2C523FF700EEA426 /* NewToDoView.swift */ = {isa = PBXFileReference; lastKnownFileType = sourcecode.swift; path = NewToDoView.swift; sourceTree = "<group>"; };
		667512FC2C52402600EEA426 /* NoDataView.swift */ = {isa = PBXFileReference; lastKnownFileType = sourcecode.swift; path = NoDataView.swift; sourceTree = "<group>"; };
		667512FE2C524B6900EEA426 /* SearchBar.swift */ = {isa = PBXFileReference; lastKnownFileType = sourcecode.swift; path = SearchBar.swift; sourceTree = "<group>"; };
/* End PBXFileReference section */

/* Begin PBXFrameworksBuildPhase section */
		667512D92C523C1000EEA426 /* Frameworks */ = {
			isa = PBXFrameworksBuildPhase;
			buildActionMask = 2147483647;
			files = (
			);
			runOnlyForDeploymentPostprocessing = 0;
		};
/* End PBXFrameworksBuildPhase section */

/* Begin PBXGroup section */
		667512D32C523C1000EEA426 = {
			isa = PBXGroup;
			children = (
				667512DE2C523C1000EEA426 /* 24_CreateSearchBar_CustomBinding */,
				667512DD2C523C1000EEA426 /* Products */,
			);
			sourceTree = "<group>";
		};
		667512DD2C523C1000EEA426 /* Products */ = {
			isa = PBXGroup;
			children = (
				667512DC2C523C1000EEA426 /* 24_CreateSearchBar_CustomBinding.app */,
			);
			name = Products;
			sourceTree = "<group>";
		};
		667512DE2C523C1000EEA426 /* 24_CreateSearchBar_CustomBinding */ = {
			isa = PBXGroup;
			children = (
				667512ED2C523DE500EEA426 /* Model */,
				667512EE2C523DED00EEA426 /* View */,
				667512EF2C523DF800EEA426 /* ViewModel */,
				667512DF2C523C1000EEA426 /* _4_CreateSearchBar_CustomBindingApp.swift */,
				667512E12C523C1000EEA426 /* ContentView.swift */,
				667512E32C523C1100EEA426 /* Assets.xcassets */,
				667512E52C523C1100EEA426 /* Preview Content */,
			);
			path = 24_CreateSearchBar_CustomBinding;
			sourceTree = "<group>";
		};
		667512E52C523C1100EEA426 /* Preview Content */ = {
			isa = PBXGroup;
			children = (
				667512E62C523C1100EEA426 /* Preview Assets.xcassets */,
			);
			path = "Preview Content";
			sourceTree = "<group>";
		};
		667512ED2C523DE500EEA426 /* Model */ = {
			isa = PBXGroup;
			children = (
				667512F42C523E6E00EEA426 /* TodoItem_Model.swift */,
				667512F62C523E9300EEA426 /* SearchBarBefore.swift */,
				667512FE2C524B6900EEA426 /* SearchBar.swift */,
			);
			path = Model;
			sourceTree = "<group>";
		};
		667512EE2C523DED00EEA426 /* View */ = {
			isa = PBXGroup;
			children = (
				667512F82C523F8900EEA426 /* BlankView.swift */,
				667512FA2C523FF700EEA426 /* NewToDoView.swift */,
				667512FC2C52402600EEA426 /* NoDataView.swift */,
			);
			path = View;
			sourceTree = "<group>";
		};
		667512EF2C523DF800EEA426 /* ViewModel */ = {
			isa = PBXGroup;
			children = (
				667512F02C523E0C00EEA426 /* CheckBoxStyle.swift */,
				667512F22C523E3900EEA426 /* ToDoListRow.swift */,
			);
			path = ViewModel;
			sourceTree = "<group>";
		};
/* End PBXGroup section */

/* Begin PBXNativeTarget section */
		667512DB2C523C1000EEA426 /* 24_CreateSearchBar_CustomBinding */ = {
			isa = PBXNativeTarget;
			buildConfigurationList = 667512EA2C523C1100EEA426 /* Build configuration list for PBXNativeTarget "24_CreateSearchBar_CustomBinding" */;
			buildPhases = (
				667512D82C523C1000EEA426 /* Sources */,
				667512D92C523C1000EEA426 /* Frameworks */,
				667512DA2C523C1000EEA426 /* Resources */,
			);
			buildRules = (
			);
			dependencies = (
			);
			name = 24_CreateSearchBar_CustomBinding;
			productName = 24_CreateSearchBar_CustomBinding;
			productReference = 667512DC2C523C1000EEA426 /* 24_CreateSearchBar_CustomBinding.app */;
			productType = "com.apple.product-type.application";
		};
/* End PBXNativeTarget section */

/* Begin PBXProject section */
		667512D42C523C1000EEA426 /* Project object */ = {
			isa = PBXProject;
			attributes = {
				BuildIndependentTargetsInParallel = 1;
				LastSwiftUpdateCheck = 1540;
				LastUpgradeCheck = 1540;
				TargetAttributes = {
					667512DB2C523C1000EEA426 = {
						CreatedOnToolsVersion = 15.4;
					};
				};
			};
			buildConfigurationList = 667512D72C523C1000EEA426 /* Build configuration list for PBXProject "24_CreateSearchBar_CustomBinding" */;
			compatibilityVersion = "Xcode 14.0";
			developmentRegion = en;
			hasScannedForEncodings = 0;
			knownRegions = (
				en,
				Base,
			);
			mainGroup = 667512D32C523C1000EEA426;
			productRefGroup = 667512DD2C523C1000EEA426 /* Products */;
			projectDirPath = "";
			projectRoot = "";
			targets = (
				667512DB2C523C1000EEA426 /* 24_CreateSearchBar_CustomBinding */,
			);
		};
/* End PBXProject section */

/* Begin PBXResourcesBuildPhase section */
		667512DA2C523C1000EEA426 /* Resources */ = {
			isa = PBXResourcesBuildPhase;
			buildActionMask = 2147483647;
			files = (
				667512E72C523C1100EEA426 /* Preview Assets.xcassets in Resources */,
				667512E42C523C1100EEA426 /* Assets.xcassets in Resources */,
			);
			runOnlyForDeploymentPostprocessing = 0;
		};
/* End PBXResourcesBuildPhase section */

/* Begin PBXSourcesBuildPhase section */
		667512D82C523C1000EEA426 /* Sources */ = {
			isa = PBXSourcesBuildPhase;
			buildActionMask = 2147483647;
			files = (
				667512E22C523C1000EEA426 /* ContentView.swift in Sources */,
				667512F12C523E0C00EEA426 /* CheckBoxStyle.swift in Sources */,
				667512F52C523E6E00EEA426 /* TodoItem_Model.swift in Sources */,
				667512F32C523E3900EEA426 /* ToDoListRow.swift in Sources */,
				667512E02C523C1000EEA426 /* _4_CreateSearchBar_CustomBindingApp.swift in Sources */,
				667512F72C523E9300EEA426 /* SearchBarBefore.swift in Sources */,
				667512F92C523F8900EEA426 /* BlankView.swift in Sources */,
				667512FF2C524B6900EEA426 /* SearchBar.swift in Sources */,
				667512FD2C52402600EEA426 /* NoDataView.swift in Sources */,
				667512FB2C523FF700EEA426 /* NewToDoView.swift in Sources */,
			);
			runOnlyForDeploymentPostprocessing = 0;
		};
/* End PBXSourcesBuildPhase section */

/* Begin XCBuildConfiguration section */
		667512E82C523C1100EEA426 /* Debug */ = {
			isa = XCBuildConfiguration;
			buildSettings = {
				ALWAYS_SEARCH_USER_PATHS = NO;
				ASSETCATALOG_COMPILER_GENERATE_SWIFT_ASSET_SYMBOL_EXTENSIONS = YES;
				CLANG_ANALYZER_NONNULL = YES;
				CLANG_ANALYZER_NUMBER_OBJECT_CONVERSION = YES_AGGRESSIVE;
				CLANG_CXX_LANGUAGE_STANDARD = "gnu++20";
				CLANG_ENABLE_MODULES = YES;
				CLANG_ENABLE_OBJC_ARC = YES;
				CLANG_ENABLE_OBJC_WEAK = YES;
				CLANG_WARN_BLOCK_CAPTURE_AUTORELEASING = YES;
				CLANG_WARN_BOOL_CONVERSION = YES;
				CLANG_WARN_COMMA = YES;
				CLANG_WARN_CONSTANT_CONVERSION = YES;
				CLANG_WARN_DEPRECATED_OBJC_IMPLEMENTATIONS = YES;
				CLANG_WARN_DIRECT_OBJC_ISA_USAGE = YES_ERROR;
				CLANG_WARN_DOCUMENTATION_COMMENTS = YES;
				CLANG_WARN_EMPTY_BODY = YES;
				CLANG_WARN_ENUM_CONVERSION = YES;
				CLANG_WARN_INFINITE_RECURSION = YES;
				CLANG_WARN_INT_CONVERSION = YES;
				CLANG_WARN_NON_LITERAL_NULL_CONVERSION = YES;
				CLANG_WARN_OBJC_IMPLICIT_RETAIN_SELF = YES;
				CLANG_WARN_OBJC_LITERAL_CONVERSION = YES;
				CLANG_WARN_OBJC_ROOT_CLASS = YES_ERROR;
				CLANG_WARN_QUOTED_INCLUDE_IN_FRAMEWORK_HEADER = YES;
				CLANG_WARN_RANGE_LOOP_ANALYSIS = YES;
				CLANG_WARN_STRICT_PROTOTYPES = YES;
				CLANG_WARN_SUSPICIOUS_MOVE = YES;
				CLANG_WARN_UNGUARDED_AVAILABILITY = YES_AGGRESSIVE;
				CLANG_WARN_UNREACHABLE_CODE = YES;
				CLANG_WARN__DUPLICATE_METHOD_MATCH = YES;
				COPY_PHASE_STRIP = NO;
				DEBUG_INFORMATION_FORMAT = dwarf;
				ENABLE_STRICT_OBJC_MSGSEND = YES;
				ENABLE_TESTABILITY = YES;
				ENABLE_USER_SCRIPT_SANDBOXING = YES;
				GCC_C_LANGUAGE_STANDARD = gnu17;
				GCC_DYNAMIC_NO_PIC = NO;
				GCC_NO_COMMON_BLOCKS = YES;
				GCC_OPTIMIZATION_LEVEL = 0;
				GCC_PREPROCESSOR_DEFINITIONS = (
					"DEBUG=1",
					"$(inherited)",
				);
				GCC_WARN_64_TO_32_BIT_CONVERSION = YES;
				GCC_WARN_ABOUT_RETURN_TYPE = YES_ERROR;
				GCC_WARN_UNDECLARED_SELECTOR = YES;
				GCC_WARN_UNINITIALIZED_AUTOS = YES_AGGRESSIVE;
				GCC_WARN_UNUSED_FUNCTION = YES;
				GCC_WARN_UNUSED_VARIABLE = YES;
				IPHONEOS_DEPLOYMENT_TARGET = 17.5;
				LOCALIZATION_PREFERS_STRING_CATALOGS = YES;
				MTL_ENABLE_DEBUG_INFO = INCLUDE_SOURCE;
				MTL_FAST_MATH = YES;
				ONLY_ACTIVE_ARCH = YES;
				SDKROOT = iphoneos;
				SWIFT_ACTIVE_COMPILATION_CONDITIONS = "DEBUG $(inherited)";
				SWIFT_OPTIMIZATION_LEVEL = "-Onone";
			};
			name = Debug;
		};
		667512E92C523C1100EEA426 /* Release */ = {
			isa = XCBuildConfiguration;
			buildSettings = {
				ALWAYS_SEARCH_USER_PATHS = NO;
				ASSETCATALOG_COMPILER_GENERATE_SWIFT_ASSET_SYMBOL_EXTENSIONS = YES;
				CLANG_ANALYZER_NONNULL = YES;
				CLANG_ANALYZER_NUMBER_OBJECT_CONVERSION = YES_AGGRESSIVE;
				CLANG_CXX_LANGUAGE_STANDARD = "gnu++20";
				CLANG_ENABLE_MODULES = YES;
				CLANG_ENABLE_OBJC_ARC = YES;
				CLANG_ENABLE_OBJC_WEAK = YES;
				CLANG_WARN_BLOCK_CAPTURE_AUTORELEASING = YES;
				CLANG_WARN_BOOL_CONVERSION = YES;
				CLANG_WARN_COMMA = YES;
				CLANG_WARN_CONSTANT_CONVERSION = YES;
				CLANG_WARN_DEPRECATED_OBJC_IMPLEMENTATIONS = YES;
				CLANG_WARN_DIRECT_OBJC_ISA_USAGE = YES_ERROR;
				CLANG_WARN_DOCUMENTATION_COMMENTS = YES;
				CLANG_WARN_EMPTY_BODY = YES;
				CLANG_WARN_ENUM_CONVERSION = YES;
				CLANG_WARN_INFINITE_RECURSION = YES;
				CLANG_WARN_INT_CONVERSION = YES;
				CLANG_WARN_NON_LITERAL_NULL_CONVERSION = YES;
				CLANG_WARN_OBJC_IMPLICIT_RETAIN_SELF = YES;
				CLANG_WARN_OBJC_LITERAL_CONVERSION = YES;
				CLANG_WARN_OBJC_ROOT_CLASS = YES_ERROR;
				CLANG_WARN_QUOTED_INCLUDE_IN_FRAMEWORK_HEADER = YES;
				CLANG_WARN_RANGE_LOOP_ANALYSIS = YES;
				CLANG_WARN_STRICT_PROTOTYPES = YES;
				CLANG_WARN_SUSPICIOUS_MOVE = YES;
				CLANG_WARN_UNGUARDED_AVAILABILITY = YES_AGGRESSIVE;
				CLANG_WARN_UNREACHABLE_CODE = YES;
				CLANG_WARN__DUPLICATE_METHOD_MATCH = YES;
				COPY_PHASE_STRIP = NO;
				DEBUG_INFORMATION_FORMAT = "dwarf-with-dsym";
				ENABLE_NS_ASSERTIONS = NO;
				ENABLE_STRICT_OBJC_MSGSEND = YES;
				ENABLE_USER_SCRIPT_SANDBOXING = YES;
				GCC_C_LANGUAGE_STANDARD = gnu17;
				GCC_NO_COMMON_BLOCKS = YES;
				GCC_WARN_64_TO_32_BIT_CONVERSION = YES;
				GCC_WARN_ABOUT_RETURN_TYPE = YES_ERROR;
				GCC_WARN_UNDECLARED_SELECTOR = YES;
				GCC_WARN_UNINITIALIZED_AUTOS = YES_AGGRESSIVE;
				GCC_WARN_UNUSED_FUNCTION = YES;
				GCC_WARN_UNUSED_VARIABLE = YES;
				IPHONEOS_DEPLOYMENT_TARGET = 17.5;
				LOCALIZATION_PREFERS_STRING_CATALOGS = YES;
				MTL_ENABLE_DEBUG_INFO = NO;
				MTL_FAST_MATH = YES;
				SDKROOT = iphoneos;
				SWIFT_COMPILATION_MODE = wholemodule;
				VALIDATE_PRODUCT = YES;
			};
			name = Release;
		};
		667512EB2C523C1100EEA426 /* Debug */ = {
			isa = XCBuildConfiguration;
			buildSettings = {
				ASSETCATALOG_COMPILER_APPICON_NAME = AppIcon;
				ASSETCATALOG_COMPILER_GLOBAL_ACCENT_COLOR_NAME = AccentColor;
				CODE_SIGN_STYLE = Automatic;
				CURRENT_PROJECT_VERSION = 1;
				DEVELOPMENT_ASSET_PATHS = "\"24_CreateSearchBar_CustomBinding/Preview Content\"";
				DEVELOPMENT_TEAM = 8489U7SJ7U;
				ENABLE_PREVIEWS = YES;
				GENERATE_INFOPLIST_FILE = YES;
				INFOPLIST_KEY_UIApplicationSceneManifest_Generation = YES;
				INFOPLIST_KEY_UIApplicationSupportsIndirectInputEvents = YES;
				INFOPLIST_KEY_UILaunchScreen_Generation = YES;
				INFOPLIST_KEY_UISupportedInterfaceOrientations_iPad = "UIInterfaceOrientationPortrait UIInterfaceOrientationPortraitUpsideDown UIInterfaceOrientationLandscapeLeft UIInterfaceOrientationLandscapeRight";
				INFOPLIST_KEY_UISupportedInterfaceOrientations_iPhone = "UIInterfaceOrientationPortrait UIInterfaceOrientationLandscapeLeft UIInterfaceOrientationLandscapeRight";
				LD_RUNPATH_SEARCH_PATHS = (
					"$(inherited)",
					"@executable_path/Frameworks",
				);
				MARKETING_VERSION = 1.0;
				PRODUCT_BUNDLE_IDENTIFIER = "com.Swift.rano.-4-CreateSearchBar-CustomBinding";
				PRODUCT_NAME = "$(TARGET_NAME)";
				SWIFT_EMIT_LOC_STRINGS = YES;
				SWIFT_VERSION = 5.0;
				TARGETED_DEVICE_FAMILY = "1,2";
			};
			name = Debug;
		};
		667512EC2C523C1100EEA426 /* Release */ = {
			isa = XCBuildConfiguration;
			buildSettings = {
				ASSETCATALOG_COMPILER_APPICON_NAME = AppIcon;
				ASSETCATALOG_COMPILER_GLOBAL_ACCENT_COLOR_NAME = AccentColor;
				CODE_SIGN_STYLE = Automatic;
				CURRENT_PROJECT_VERSION = 1;
				DEVELOPMENT_ASSET_PATHS = "\"24_CreateSearchBar_CustomBinding/Preview Content\"";
				DEVELOPMENT_TEAM = 8489U7SJ7U;
				ENABLE_PREVIEWS = YES;
				GENERATE_INFOPLIST_FILE = YES;
				INFOPLIST_KEY_UIApplicationSceneManifest_Generation = YES;
				INFOPLIST_KEY_UIApplicationSupportsIndirectInputEvents = YES;
				INFOPLIST_KEY_UILaunchScreen_Generation = YES;
				INFOPLIST_KEY_UISupportedInterfaceOrientations_iPad = "UIInterfaceOrientationPortrait UIInterfaceOrientationPortraitUpsideDown UIInterfaceOrientationLandscapeLeft UIInterfaceOrientationLandscapeRight";
				INFOPLIST_KEY_UISupportedInterfaceOrientations_iPhone = "UIInterfaceOrientationPortrait UIInterfaceOrientationLandscapeLeft UIInterfaceOrientationLandscapeRight";
				LD_RUNPATH_SEARCH_PATHS = (
					"$(inherited)",
					"@executable_path/Frameworks",
				);
				MARKETING_VERSION = 1.0;
				PRODUCT_BUNDLE_IDENTIFIER = "com.Swift.rano.-4-CreateSearchBar-CustomBinding";
				PRODUCT_NAME = "$(TARGET_NAME)";
				SWIFT_EMIT_LOC_STRINGS = YES;
				SWIFT_VERSION = 5.0;
				TARGETED_DEVICE_FAMILY = "1,2";
			};
			name = Release;
		};
/* End XCBuildConfiguration section */

/* Begin XCConfigurationList section */
		667512D72C523C1000EEA426 /* Build configuration list for PBXProject "24_CreateSearchBar_CustomBinding" */ = {
			isa = XCConfigurationList;
			buildConfigurations = (
				667512E82C523C1100EEA426 /* Debug */,
				667512E92C523C1100EEA426 /* Release */,
			);
			defaultConfigurationIsVisible = 0;
			defaultConfigurationName = Release;
		};
		667512EA2C523C1100EEA426 /* Build configuration list for PBXNativeTarget "24_CreateSearchBar_CustomBinding" */ = {
			isa = XCConfigurationList;
			buildConfigurations = (
				667512EB2C523C1100EEA426 /* Debug */,
				667512EC2C523C1100EEA426 /* Release */,
			);
			defaultConfigurationIsVisible = 0;
			defaultConfigurationName = Release;
		};
/* End XCConfigurationList section */
	};
	rootObject = 667512D42C523C1000EEA426 /* Project object */;
}
