// !$*UTF8*$!
{
	archiveVersion = 1;
	classes = {
	};
	objectVersion = 56;
	objects = {

/* Begin PBXBuildFile section */
		667C79202C187D3D006B0990 /* _6_SwipeDelete_ContextMenu_ActionSheetsApp.swift in Sources */ = {isa = PBXBuildFile; fileRef = 667C791F2C187D3D006B0990 /* _6_SwipeDelete_ContextMenu_ActionSheetsApp.swift */; };
		667C79222C187D3D006B0990 /* ContentView.swift in Sources */ = {isa = PBXBuildFile; fileRef = 667C79212C187D3D006B0990 /* ContentView.swift */; };
		667C79242C187D3E006B0990 /* Assets.xcassets in Resources */ = {isa = PBXBuildFile; fileRef = 667C79232C187D3E006B0990 /* Assets.xcassets */; };
		667C79272C187D3E006B0990 /* Preview Assets.xcassets in Resources */ = {isa = PBXBuildFile; fileRef = 667C79262C187D3E006B0990 /* Preview Assets.xcassets */; };
		668F406A2C1AFBE9001D998B /* RestaurantModel.swift in Sources */ = {isa = PBXBuildFile; fileRef = 668F40692C1AFBE9001D998B /* RestaurantModel.swift */; };
		668F406C2C1AFC6C001D998B /* Restaurant_ViewModel.swift in Sources */ = {isa = PBXBuildFile; fileRef = 668F406B2C1AFC6C001D998B /* Restaurant_ViewModel.swift */; };
/* End PBXBuildFile section */

/* Begin PBXFileReference section */
		667C791C2C187D3D006B0990 /* 16_SwipeDelete_ContextMenu_ActionSheets.app */ = {isa = PBXFileReference; explicitFileType = wrapper.application; includeInIndex = 0; path = 16_SwipeDelete_ContextMenu_ActionSheets.app; sourceTree = BUILT_PRODUCTS_DIR; };
		667C791F2C187D3D006B0990 /* _6_SwipeDelete_ContextMenu_ActionSheetsApp.swift */ = {isa = PBXFileReference; lastKnownFileType = sourcecode.swift; path = _6_SwipeDelete_ContextMenu_ActionSheetsApp.swift; sourceTree = "<group>"; };
		667C79212C187D3D006B0990 /* ContentView.swift */ = {isa = PBXFileReference; lastKnownFileType = sourcecode.swift; path = ContentView.swift; sourceTree = "<group>"; };
		667C79232C187D3E006B0990 /* Assets.xcassets */ = {isa = PBXFileReference; lastKnownFileType = folder.assetcatalog; path = Assets.xcassets; sourceTree = "<group>"; };
		667C79262C187D3E006B0990 /* Preview Assets.xcassets */ = {isa = PBXFileReference; lastKnownFileType = folder.assetcatalog; path = "Preview Assets.xcassets"; sourceTree = "<group>"; };
		668F40692C1AFBE9001D998B /* RestaurantModel.swift */ = {isa = PBXFileReference; lastKnownFileType = sourcecode.swift; path = RestaurantModel.swift; sourceTree = "<group>"; };
		668F406B2C1AFC6C001D998B /* Restaurant_ViewModel.swift */ = {isa = PBXFileReference; lastKnownFileType = sourcecode.swift; path = Restaurant_ViewModel.swift; sourceTree = "<group>"; };
/* End PBXFileReference section */

/* Begin PBXFrameworksBuildPhase section */
		667C79192C187D3D006B0990 /* Frameworks */ = {
			isa = PBXFrameworksBuildPhase;
			buildActionMask = 2147483647;
			files = (
			);
			runOnlyForDeploymentPostprocessing = 0;
		};
/* End PBXFrameworksBuildPhase section */

/* Begin PBXGroup section */
		667C79132C187D3D006B0990 = {
			isa = PBXGroup;
			children = (
				667C791E2C187D3D006B0990 /* 16_SwipeDelete_ContextMenu_ActionSheets */,
				667C791D2C187D3D006B0990 /* Products */,
			);
			sourceTree = "<group>";
		};
		667C791D2C187D3D006B0990 /* Products */ = {
			isa = PBXGroup;
			children = (
				667C791C2C187D3D006B0990 /* 16_SwipeDelete_ContextMenu_ActionSheets.app */,
			);
			name = Products;
			sourceTree = "<group>";
		};
		667C791E2C187D3D006B0990 /* 16_SwipeDelete_ContextMenu_ActionSheets */ = {
			isa = PBXGroup;
			children = (
				667C791F2C187D3D006B0990 /* _6_SwipeDelete_ContextMenu_ActionSheetsApp.swift */,
				667C79212C187D3D006B0990 /* ContentView.swift */,
				667C79232C187D3E006B0990 /* Assets.xcassets */,
				667C79252C187D3E006B0990 /* Preview Content */,
				668F40692C1AFBE9001D998B /* RestaurantModel.swift */,
				668F406B2C1AFC6C001D998B /* Restaurant_ViewModel.swift */,
			);
			path = 16_SwipeDelete_ContextMenu_ActionSheets;
			sourceTree = "<group>";
		};
		667C79252C187D3E006B0990 /* Preview Content */ = {
			isa = PBXGroup;
			children = (
				667C79262C187D3E006B0990 /* Preview Assets.xcassets */,
			);
			path = "Preview Content";
			sourceTree = "<group>";
		};
/* End PBXGroup section */

/* Begin PBXNativeTarget section */
		667C791B2C187D3D006B0990 /* 16_SwipeDelete_ContextMenu_ActionSheets */ = {
			isa = PBXNativeTarget;
			buildConfigurationList = 667C792A2C187D3E006B0990 /* Build configuration list for PBXNativeTarget "16_SwipeDelete_ContextMenu_ActionSheets" */;
			buildPhases = (
				667C79182C187D3D006B0990 /* Sources */,
				667C79192C187D3D006B0990 /* Frameworks */,
				667C791A2C187D3D006B0990 /* Resources */,
			);
			buildRules = (
			);
			dependencies = (
			);
			name = 16_SwipeDelete_ContextMenu_ActionSheets;
			productName = 16_SwipeDelete_ContextMenu_ActionSheets;
			productReference = 667C791C2C187D3D006B0990 /* 16_SwipeDelete_ContextMenu_ActionSheets.app */;
			productType = "com.apple.product-type.application";
		};
/* End PBXNativeTarget section */

/* Begin PBXProject section */
		667C79142C187D3D006B0990 /* Project object */ = {
			isa = PBXProject;
			attributes = {
				BuildIndependentTargetsInParallel = 1;
				LastSwiftUpdateCheck = 1540;
				LastUpgradeCheck = 1540;
				TargetAttributes = {
					667C791B2C187D3D006B0990 = {
						CreatedOnToolsVersion = 15.4;
					};
				};
			};
			buildConfigurationList = 667C79172C187D3D006B0990 /* Build configuration list for PBXProject "16_SwipeDelete_ContextMenu_ActionSheets" */;
			compatibilityVersion = "Xcode 14.0";
			developmentRegion = en;
			hasScannedForEncodings = 0;
			knownRegions = (
				en,
				Base,
			);
			mainGroup = 667C79132C187D3D006B0990;
			productRefGroup = 667C791D2C187D3D006B0990 /* Products */;
			projectDirPath = "";
			projectRoot = "";
			targets = (
				667C791B2C187D3D006B0990 /* 16_SwipeDelete_ContextMenu_ActionSheets */,
			);
		};
/* End PBXProject section */

/* Begin PBXResourcesBuildPhase section */
		667C791A2C187D3D006B0990 /* Resources */ = {
			isa = PBXResourcesBuildPhase;
			buildActionMask = 2147483647;
			files = (
				667C79272C187D3E006B0990 /* Preview Assets.xcassets in Resources */,
				667C79242C187D3E006B0990 /* Assets.xcassets in Resources */,
			);
			runOnlyForDeploymentPostprocessing = 0;
		};
/* End PBXResourcesBuildPhase section */

/* Begin PBXSourcesBuildPhase section */
		667C79182C187D3D006B0990 /* Sources */ = {
			isa = PBXSourcesBuildPhase;
			buildActionMask = 2147483647;
			files = (
				667C79222C187D3D006B0990 /* ContentView.swift in Sources */,
				668F406C2C1AFC6C001D998B /* Restaurant_ViewModel.swift in Sources */,
				667C79202C187D3D006B0990 /* _6_SwipeDelete_ContextMenu_ActionSheetsApp.swift in Sources */,
				668F406A2C1AFBE9001D998B /* RestaurantModel.swift in Sources */,
			);
			runOnlyForDeploymentPostprocessing = 0;
		};
/* End PBXSourcesBuildPhase section */

/* Begin XCBuildConfiguration section */
		667C79282C187D3E006B0990 /* Debug */ = {
			isa = XCBuildConfiguration;
			buildSettings = {
				ALWAYS_SEARCH_USER_PATHS = NO;
				ASSETCATALOG_COMPILER_GENERATE_SWIFT_ASSET_SYMBOL_EXTENSIONS = YES;
				CLANG_ANALYZER_NONNULL = YES;
				CLANG_ANALYZER_NUMBER_OBJECT_CONVERSION = YES_AGGRESSIVE;
				CLANG_CXX_LANGUAGE_STANDARD = "gnu++20";
				CLANG_ENABLE_MODULES = YES;
				CLANG_ENABLE_OBJC_ARC = YES;
				CLANG_ENABLE_OBJC_WEAK = YES;
				CLANG_WARN_BLOCK_CAPTURE_AUTORELEASING = YES;
				CLANG_WARN_BOOL_CONVERSION = YES;
				CLANG_WARN_COMMA = YES;
				CLANG_WARN_CONSTANT_CONVERSION = YES;
				CLANG_WARN_DEPRECATED_OBJC_IMPLEMENTATIONS = YES;
				CLANG_WARN_DIRECT_OBJC_ISA_USAGE = YES_ERROR;
				CLANG_WARN_DOCUMENTATION_COMMENTS = YES;
				CLANG_WARN_EMPTY_BODY = YES;
				CLANG_WARN_ENUM_CONVERSION = YES;
				CLANG_WARN_INFINITE_RECURSION = YES;
				CLANG_WARN_INT_CONVERSION = YES;
				CLANG_WARN_NON_LITERAL_NULL_CONVERSION = YES;
				CLANG_WARN_OBJC_IMPLICIT_RETAIN_SELF = YES;
				CLANG_WARN_OBJC_LITERAL_CONVERSION = YES;
				CLANG_WARN_OBJC_ROOT_CLASS = YES_ERROR;
				CLANG_WARN_QUOTED_INCLUDE_IN_FRAMEWORK_HEADER = YES;
				CLANG_WARN_RANGE_LOOP_ANALYSIS = YES;
				CLANG_WARN_STRICT_PROTOTYPES = YES;
				CLANG_WARN_SUSPICIOUS_MOVE = YES;
				CLANG_WARN_UNGUARDED_AVAILABILITY = YES_AGGRESSIVE;
				CLANG_WARN_UNREACHABLE_CODE = YES;
				CLANG_WARN__DUPLICATE_METHOD_MATCH = YES;
				COPY_PHASE_STRIP = NO;
				DEBUG_INFORMATION_FORMAT = dwarf;
				ENABLE_STRICT_OBJC_MSGSEND = YES;
				ENABLE_TESTABILITY = YES;
				ENABLE_USER_SCRIPT_SANDBOXING = YES;
				GCC_C_LANGUAGE_STANDARD = gnu17;
				GCC_DYNAMIC_NO_PIC = NO;
				GCC_NO_COMMON_BLOCKS = YES;
				GCC_OPTIMIZATION_LEVEL = 0;
				GCC_PREPROCESSOR_DEFINITIONS = (
					"DEBUG=1",
					"$(inherited)",
				);
				GCC_WARN_64_TO_32_BIT_CONVERSION = YES;
				GCC_WARN_ABOUT_RETURN_TYPE = YES_ERROR;
				GCC_WARN_UNDECLARED_SELECTOR = YES;
				GCC_WARN_UNINITIALIZED_AUTOS = YES_AGGRESSIVE;
				GCC_WARN_UNUSED_FUNCTION = YES;
				GCC_WARN_UNUSED_VARIABLE = YES;
				IPHONEOS_DEPLOYMENT_TARGET = 17.5;
				LOCALIZATION_PREFERS_STRING_CATALOGS = YES;
				MTL_ENABLE_DEBUG_INFO = INCLUDE_SOURCE;
				MTL_FAST_MATH = YES;
				ONLY_ACTIVE_ARCH = YES;
				SDKROOT = iphoneos;
				SWIFT_ACTIVE_COMPILATION_CONDITIONS = "DEBUG $(inherited)";
				SWIFT_OPTIMIZATION_LEVEL = "-Onone";
			};
			name = Debug;
		};
		667C79292C187D3E006B0990 /* Release */ = {
			isa = XCBuildConfiguration;
			buildSettings = {
				ALWAYS_SEARCH_USER_PATHS = NO;
				ASSETCATALOG_COMPILER_GENERATE_SWIFT_ASSET_SYMBOL_EXTENSIONS = YES;
				CLANG_ANALYZER_NONNULL = YES;
				CLANG_ANALYZER_NUMBER_OBJECT_CONVERSION = YES_AGGRESSIVE;
				CLANG_CXX_LANGUAGE_STANDARD = "gnu++20";
				CLANG_ENABLE_MODULES = YES;
				CLANG_ENABLE_OBJC_ARC = YES;
				CLANG_ENABLE_OBJC_WEAK = YES;
				CLANG_WARN_BLOCK_CAPTURE_AUTORELEASING = YES;
				CLANG_WARN_BOOL_CONVERSION = YES;
				CLANG_WARN_COMMA = YES;
				CLANG_WARN_CONSTANT_CONVERSION = YES;
				CLANG_WARN_DEPRECATED_OBJC_IMPLEMENTATIONS = YES;
				CLANG_WARN_DIRECT_OBJC_ISA_USAGE = YES_ERROR;
				CLANG_WARN_DOCUMENTATION_COMMENTS = YES;
				CLANG_WARN_EMPTY_BODY = YES;
				CLANG_WARN_ENUM_CONVERSION = YES;
				CLANG_WARN_INFINITE_RECURSION = YES;
				CLANG_WARN_INT_CONVERSION = YES;
				CLANG_WARN_NON_LITERAL_NULL_CONVERSION = YES;
				CLANG_WARN_OBJC_IMPLICIT_RETAIN_SELF = YES;
				CLANG_WARN_OBJC_LITERAL_CONVERSION = YES;
				CLANG_WARN_OBJC_ROOT_CLASS = YES_ERROR;
				CLANG_WARN_QUOTED_INCLUDE_IN_FRAMEWORK_HEADER = YES;
				CLANG_WARN_RANGE_LOOP_ANALYSIS = YES;
				CLANG_WARN_STRICT_PROTOTYPES = YES;
				CLANG_WARN_SUSPICIOUS_MOVE = YES;
				CLANG_WARN_UNGUARDED_AVAILABILITY = YES_AGGRESSIVE;
				CLANG_WARN_UNREACHABLE_CODE = YES;
				CLANG_WARN__DUPLICATE_METHOD_MATCH = YES;
				COPY_PHASE_STRIP = NO;
				DEBUG_INFORMATION_FORMAT = "dwarf-with-dsym";
				ENABLE_NS_ASSERTIONS = NO;
				ENABLE_STRICT_OBJC_MSGSEND = YES;
				ENABLE_USER_SCRIPT_SANDBOXING = YES;
				GCC_C_LANGUAGE_STANDARD = gnu17;
				GCC_NO_COMMON_BLOCKS = YES;
				GCC_WARN_64_TO_32_BIT_CONVERSION = YES;
				GCC_WARN_ABOUT_RETURN_TYPE = YES_ERROR;
				GCC_WARN_UNDECLARED_SELECTOR = YES;
				GCC_WARN_UNINITIALIZED_AUTOS = YES_AGGRESSIVE;
				GCC_WARN_UNUSED_FUNCTION = YES;
				GCC_WARN_UNUSED_VARIABLE = YES;
				IPHONEOS_DEPLOYMENT_TARGET = 17.5;
				LOCALIZATION_PREFERS_STRING_CATALOGS = YES;
				MTL_ENABLE_DEBUG_INFO = NO;
				MTL_FAST_MATH = YES;
				SDKROOT = iphoneos;
				SWIFT_COMPILATION_MODE = wholemodule;
				VALIDATE_PRODUCT = YES;
			};
			name = Release;
		};
		667C792B2C187D3E006B0990 /* Debug */ = {
			isa = XCBuildConfiguration;
			buildSettings = {
				ASSETCATALOG_COMPILER_APPICON_NAME = AppIcon;
				ASSETCATALOG_COMPILER_GLOBAL_ACCENT_COLOR_NAME = AccentColor;
				CODE_SIGN_STYLE = Automatic;
				CURRENT_PROJECT_VERSION = 1;
				DEVELOPMENT_ASSET_PATHS = "\"16_SwipeDelete_ContextMenu_ActionSheets/Preview Content\"";
				DEVELOPMENT_TEAM = 8489U7SJ7U;
				ENABLE_PREVIEWS = YES;
				GENERATE_INFOPLIST_FILE = YES;
				INFOPLIST_KEY_UIApplicationSceneManifest_Generation = YES;
				INFOPLIST_KEY_UIApplicationSupportsIndirectInputEvents = YES;
				INFOPLIST_KEY_UILaunchScreen_Generation = YES;
				INFOPLIST_KEY_UISupportedInterfaceOrientations_iPad = "UIInterfaceOrientationPortrait UIInterfaceOrientationPortraitUpsideDown UIInterfaceOrientationLandscapeLeft UIInterfaceOrientationLandscapeRight";
				INFOPLIST_KEY_UISupportedInterfaceOrientations_iPhone = "UIInterfaceOrientationPortrait UIInterfaceOrientationLandscapeLeft UIInterfaceOrientationLandscapeRight";
				LD_RUNPATH_SEARCH_PATHS = (
					"$(inherited)",
					"@executable_path/Frameworks",
				);
				MARKETING_VERSION = 1.0;
				PRODUCT_BUNDLE_IDENTIFIER = "com.testRestaurant.swiftUI.-6-SwipeDelete-ContextMenu-ActionSheets";
				PRODUCT_NAME = "$(TARGET_NAME)";
				SWIFT_EMIT_LOC_STRINGS = YES;
				SWIFT_VERSION = 5.0;
				TARGETED_DEVICE_FAMILY = "1,2";
			};
			name = Debug;
		};
		667C792C2C187D3E006B0990 /* Release */ = {
			isa = XCBuildConfiguration;
			buildSettings = {
				ASSETCATALOG_COMPILER_APPICON_NAME = AppIcon;
				ASSETCATALOG_COMPILER_GLOBAL_ACCENT_COLOR_NAME = AccentColor;
				CODE_SIGN_STYLE = Automatic;
				CURRENT_PROJECT_VERSION = 1;
				DEVELOPMENT_ASSET_PATHS = "\"16_SwipeDelete_ContextMenu_ActionSheets/Preview Content\"";
				DEVELOPMENT_TEAM = 8489U7SJ7U;
				ENABLE_PREVIEWS = YES;
				GENERATE_INFOPLIST_FILE = YES;
				INFOPLIST_KEY_UIApplicationSceneManifest_Generation = YES;
				INFOPLIST_KEY_UIApplicationSupportsIndirectInputEvents = YES;
				INFOPLIST_KEY_UILaunchScreen_Generation = YES;
				INFOPLIST_KEY_UISupportedInterfaceOrientations_iPad = "UIInterfaceOrientationPortrait UIInterfaceOrientationPortraitUpsideDown UIInterfaceOrientationLandscapeLeft UIInterfaceOrientationLandscapeRight";
				INFOPLIST_KEY_UISupportedInterfaceOrientations_iPhone = "UIInterfaceOrientationPortrait UIInterfaceOrientationLandscapeLeft UIInterfaceOrientationLandscapeRight";
				LD_RUNPATH_SEARCH_PATHS = (
					"$(inherited)",
					"@executable_path/Frameworks",
				);
				MARKETING_VERSION = 1.0;
				PRODUCT_BUNDLE_IDENTIFIER = "com.testRestaurant.swiftUI.-6-SwipeDelete-ContextMenu-ActionSheets";
				PRODUCT_NAME = "$(TARGET_NAME)";
				SWIFT_EMIT_LOC_STRINGS = YES;
				SWIFT_VERSION = 5.0;
				TARGETED_DEVICE_FAMILY = "1,2";
			};
			name = Release;
		};
/* End XCBuildConfiguration section */

/* Begin XCConfigurationList section */
		667C79172C187D3D006B0990 /* Build configuration list for PBXProject "16_SwipeDelete_ContextMenu_ActionSheets" */ = {
			isa = XCConfigurationList;
			buildConfigurations = (
				667C79282C187D3E006B0990 /* Debug */,
				667C79292C187D3E006B0990 /* Release */,
			);
			defaultConfigurationIsVisible = 0;
			defaultConfigurationName = Release;
		};
		667C792A2C187D3E006B0990 /* Build configuration list for PBXNativeTarget "16_SwipeDelete_ContextMenu_ActionSheets" */ = {
			isa = XCConfigurationList;
			buildConfigurations = (
				667C792B2C187D3E006B0990 /* Debug */,
				667C792C2C187D3E006B0990 /* Release */,
			);
			defaultConfigurationIsVisible = 0;
			defaultConfigurationName = Release;
		};
/* End XCConfigurationList section */
	};
	rootObject = 667C79142C187D3D006B0990 /* Project object */;
}
